
Microsoft Visual Studio Solution File, Format Version 12.00
# Visual Studio Version 18
VisualStudioVersion = 18.0.11217.181 d18.0
MinimumVisualStudioVersion = 10.0.40219.1
Project("{FAE04EC0-301F-11D3-BF4B-00C04F79EFBC}") = "QuestionsOnStrings", "QuestionsOnStrings\QuestionsOnStrings.csproj", "{B61603A4-837A-4232-966B-BF91879A358D}"
EndProject
Project("{FAE04EC0-301F-11D3-BF4B-00C04F79EFBC}") = "Algorithms-DataStructure.Test", "Algorithms-DataStructure.Test\Algorithms-DataStructure.Test.csproj", "{C84BAB75-F33C-4B3A-AB70-E8316FE1591F}"
EndProject
Global
	GlobalSection(SolutionConfigurationPlatforms) = preSolution
		Debug|Any CPU = Debug|Any CPU
		Release|Any CPU = Release|Any CPU
	EndGlobalSection
	GlobalSection(ProjectConfigurationPlatforms) = postSolution
		{B61603A4-837A-4232-966B-BF91879A358D}.Debug|Any CPU.ActiveCfg = Debug|Any CPU
		{B61603A4-837A-4232-966B-BF91879A358D}.Debug|Any CPU.Build.0 = Debug|Any CPU
		{B61603A4-837A-4232-966B-BF91879A358D}.Release|Any CPU.ActiveCfg = Release|Any CPU
		{B61603A4-837A-4232-966B-BF91879A358D}.Release|Any CPU.Build.0 = Release|Any CPU
		{C84BAB75-F33C-4B3A-AB70-E8316FE1591F}.Debug|Any CPU.ActiveCfg = Debug|Any CPU
		{C84BAB75-F33C-4B3A-AB70-E8316FE1591F}.Debug|Any CPU.Build.0 = Debug|Any CPU
		{C84BAB75-F33C-4B3A-AB70-E8316FE1591F}.Release|Any CPU.ActiveCfg = Release|Any CPU
		{C84BAB75-F33C-4B3A-AB70-E8316FE1591F}.Release|Any CPU.Build.0 = Release|Any CPU
	EndGlobalSection
	GlobalSection(SolutionProperties) = preSolution
		HideSolutionNode = FALSE
	EndGlobalSection
	GlobalSection(ExtensibilityGlobals) = postSolution
		SolutionGuid = {390B03AF-3D93-4E59-A949-764AC00C0DF7}
	EndGlobalSection
EndGlobal
